
Microsoft Visual Studio Solution File, Format Version 12.00
# Visual Studio Version 16
VisualStudioVersion = 16.0.30114.105
MinimumVisualStudioVersion = 10.0.40219.1
Project("{FAE04EC0-301F-11D3-BF4B-00C04F79EFBC}") = "API", "API\API.csproj", "{C944C078-6CF5-4985-A804-2C9E3858AFF2}"
EndProject
Project("{FAE04EC0-301F-11D3-BF4B-00C04F79EFBC}") = "Application", "Application\Application.csproj", "{FF598BA9-51B1-44FB-B79C-9F362FABE655}"
EndProject
Project("{FAE04EC0-301F-11D3-BF4B-00C04F79EFBC}") = "Persistence", "Persistence\Persistence.csproj", "{CF852F52-5D32-475C-B662-CE740952B095}"
EndProject
Project("{FAE04EC0-301F-11D3-BF4B-00C04F79EFBC}") = "Domain", "Domain\Domain.csproj", "{0C418DE7-D161-4082-9EF1-5D737C09191C}"
EndProject
Global
	GlobalSection(SolutionConfigurationPlatforms) = preSolution
		Debug|Any CPU = Debug|Any CPU
		Debug|x64 = Debug|x64
		Debug|x86 = Debug|x86
		Release|Any CPU = Release|Any CPU
		Release|x64 = Release|x64
		Release|x86 = Release|x86
	EndGlobalSection
	GlobalSection(SolutionProperties) = preSolution
		HideSolutionNode = FALSE
	EndGlobalSection
	GlobalSection(ProjectConfigurationPlatforms) = postSolution
		{C944C078-6CF5-4985-A804-2C9E3858AFF2}.Debug|Any CPU.ActiveCfg = Debug|Any CPU
		{C944C078-6CF5-4985-A804-2C9E3858AFF2}.Debug|Any CPU.Build.0 = Debug|Any CPU
		{C944C078-6CF5-4985-A804-2C9E3858AFF2}.Debug|x64.ActiveCfg = Debug|Any CPU
		{C944C078-6CF5-4985-A804-2C9E3858AFF2}.Debug|x64.Build.0 = Debug|Any CPU
		{C944C078-6CF5-4985-A804-2C9E3858AFF2}.Debug|x86.ActiveCfg = Debug|Any CPU
		{C944C078-6CF5-4985-A804-2C9E3858AFF2}.Debug|x86.Build.0 = Debug|Any CPU
		{C944C078-6CF5-4985-A804-2C9E3858AFF2}.Release|Any CPU.ActiveCfg = Release|Any CPU
		{C944C078-6CF5-4985-A804-2C9E3858AFF2}.Release|Any CPU.Build.0 = Release|Any CPU
		{C944C078-6CF5-4985-A804-2C9E3858AFF2}.Release|x64.ActiveCfg = Release|Any CPU
		{C944C078-6CF5-4985-A804-2C9E3858AFF2}.Release|x64.Build.0 = Release|Any CPU
		{C944C078-6CF5-4985-A804-2C9E3858AFF2}.Release|x86.ActiveCfg = Release|Any CPU
		{C944C078-6CF5-4985-A804-2C9E3858AFF2}.Release|x86.Build.0 = Release|Any CPU
		{FF598BA9-51B1-44FB-B79C-9F362FABE655}.Debug|Any CPU.ActiveCfg = Debug|Any CPU
		{FF598BA9-51B1-44FB-B79C-9F362FABE655}.Debug|Any CPU.Build.0 = Debug|Any CPU
		{FF598BA9-51B1-44FB-B79C-9F362FABE655}.Debug|x64.ActiveCfg = Debug|Any CPU
		{FF598BA9-51B1-44FB-B79C-9F362FABE655}.Debug|x64.Build.0 = Debug|Any CPU
		{FF598BA9-51B1-44FB-B79C-9F362FABE655}.Debug|x86.ActiveCfg = Debug|Any CPU
		{FF598BA9-51B1-44FB-B79C-9F362FABE655}.Debug|x86.Build.0 = Debug|Any CPU
		{FF598BA9-51B1-44FB-B79C-9F362FABE655}.Release|Any CPU.ActiveCfg = Release|Any CPU
		{FF598BA9-51B1-44FB-B79C-9F362FABE655}.Release|Any CPU.Build.0 = Release|Any CPU
		{FF598BA9-51B1-44FB-B79C-9F362FABE655}.Release|x64.ActiveCfg = Release|Any CPU
		{FF598BA9-51B1-44FB-B79C-9F362FABE655}.Release|x64.Build.0 = Release|Any CPU
		{FF598BA9-51B1-44FB-B79C-9F362FABE655}.Release|x86.ActiveCfg = Release|Any CPU
		{FF598BA9-51B1-44FB-B79C-9F362FABE655}.Release|x86.Build.0 = Release|Any CPU
		{CF852F52-5D32-475C-B662-CE740952B095}.Debug|Any CPU.ActiveCfg = Debug|Any CPU
		{CF852F52-5D32-475C-B662-CE740952B095}.Debug|Any CPU.Build.0 = Debug|Any CPU
		{CF852F52-5D32-475C-B662-CE740952B095}.Debug|x64.ActiveCfg = Debug|Any CPU
		{CF852F52-5D32-475C-B662-CE740952B095}.Debug|x64.Build.0 = Debug|Any CPU
		{CF852F52-5D32-475C-B662-CE740952B095}.Debug|x86.ActiveCfg = Debug|Any CPU
		{CF852F52-5D32-475C-B662-CE740952B095}.Debug|x86.Build.0 = Debug|Any CPU
		{CF852F52-5D32-475C-B662-CE740952B095}.Release|Any CPU.ActiveCfg = Release|Any CPU
		{CF852F52-5D32-475C-B662-CE740952B095}.Release|Any CPU.Build.0 = Release|Any CPU
		{CF852F52-5D32-475C-B662-CE740952B095}.Release|x64.ActiveCfg = Release|Any CPU
		{CF852F52-5D32-475C-B662-CE740952B095}.Release|x64.Build.0 = Release|Any CPU
		{CF852F52-5D32-475C-B662-CE740952B095}.Release|x86.ActiveCfg = Release|Any CPU
		{CF852F52-5D32-475C-B662-CE740952B095}.Release|x86.Build.0 = Release|Any CPU
		{0C418DE7-D161-4082-9EF1-5D737C09191C}.Debug|Any CPU.ActiveCfg = Debug|Any CPU
		{0C418DE7-D161-4082-9EF1-5D737C09191C}.Debug|Any CPU.Build.0 = Debug|Any CPU
		{0C418DE7-D161-4082-9EF1-5D737C09191C}.Debug|x64.ActiveCfg = Debug|Any CPU
		{0C418DE7-D161-4082-9EF1-5D737C09191C}.Debug|x64.Build.0 = Debug|Any CPU
		{0C418DE7-D161-4082-9EF1-5D737C09191C}.Debug|x86.ActiveCfg = Debug|Any CPU
		{0C418DE7-D161-4082-9EF1-5D737C09191C}.Debug|x86.Build.0 = Debug|Any CPU
		{0C418DE7-D161-4082-9EF1-5D737C09191C}.Release|Any CPU.ActiveCfg = Release|Any CPU
		{0C418DE7-D161-4082-9EF1-5D737C09191C}.Release|Any CPU.Build.0 = Release|Any CPU
		{0C418DE7-D161-4082-9EF1-5D737C09191C}.Release|x64.ActiveCfg = Release|Any CPU
		{0C418DE7-D161-4082-9EF1-5D737C09191C}.Release|x64.Build.0 = Release|Any CPU
		{0C418DE7-D161-4082-9EF1-5D737C09191C}.Release|x86.ActiveCfg = Release|Any CPU
		{0C418DE7-D161-4082-9EF1-5D737C09191C}.Release|x86.Build.0 = Release|Any CPU
	EndGlobalSection
EndGlobal
